PODS:
  - Flutter (1.0.0)
  - media_controller (0.0.1):
    - Flutter

DEPENDENCIES:
  - Flutter (from `Flutter`)
  - media_controller (from `.symlinks/plugins/media_controller/ios`)

EXTERNAL SOURCES:
  Flutter:
    :path: Flutter
  media_controller:
    :path: ".symlinks/plugins/media_controller/ios"

SPEC CHECKSUMS:
  Flutter: cabc95a1d2626b1b06e7179b784ebcf0c0cde467
  media_controller: 328eb3701bc83d9056e352e23c76a0d886674c59

PODFILE CHECKSUM: 3c63482e143d1b91d2d2560aee9fb04ecc74ac7e

COCOAPODS: 1.16.2
